
Microsoft Visual Studio Solution File, Format Version 12.00
# Visual Studio Version 17
VisualStudioVersion = 17.4.33205.214
MinimumVisualStudioVersion = 10.0.40219.1
Project("{FAE04EC0-301F-11D3-BF4B-00C04F79EFBC}") = "StreamingFinderAPI", "StreamingFinderAPI.csproj", "{B4330268-E27F-4358-B54B-9A91D5F7FC8B}"
EndProject
Global
	GlobalSection(SolutionConfigurationPlatforms) = preSolution
		Debug|Any CPU = Debug|Any CPU
		Release|Any CPU = Release|Any CPU
	EndGlobalSection
	GlobalSection(ProjectConfigurationPlatforms) = postSolution
		{B4330268-E27F-4358-B54B-9A91D5F7FC8B}.Debug|Any CPU.ActiveCfg = Debug|Any CPU
		{B4330268-E27F-4358-B54B-9A91D5F7FC8B}.Debug|Any CPU.Build.0 = Debug|Any CPU
		{B4330268-E27F-4358-B54B-9A91D5F7FC8B}.Release|Any CPU.ActiveCfg = Release|Any CPU
		{B4330268-E27F-4358-B54B-9A91D5F7FC8B}.Release|Any CPU.Build.0 = Release|Any CPU
	EndGlobalSection
	GlobalSection(SolutionProperties) = preSolution
		HideSolutionNode = FALSE
	EndGlobalSection
	GlobalSection(ExtensibilityGlobals) = postSolution
		SolutionGuid = {24E08449-AAAD-4496-8526-E8F28632AF94}
	EndGlobalSection
EndGlobal
